
Microsoft Visual Studio Solution File, Format Version 12.00
# Visual Studio Version 17
VisualStudioVersion = 17.4.33205.214
MinimumVisualStudioVersion = 10.0.40219.1
Project("{9A19103F-16F7-4668-BE54-9A1E7A4F7556}") = "fairSlots.Server", "Server\fairSlots.Server.csproj", "{4688583B-05D7-4FA8-B2BB-63D2C0A230A9}"
EndProject
Project("{9A19103F-16F7-4668-BE54-9A1E7A4F7556}") = "fairSlots.Client", "Client\fairSlots.Client.csproj", "{B323998D-E1B9-4C7E-801F-99FC50DCB006}"
EndProject
Project("{9A19103F-16F7-4668-BE54-9A1E7A4F7556}") = "fairSlots.Shared", "Shared\fairSlots.Shared.csproj", "{68BDEACF-8BDB-4942-88B1-976D68C70FB9}"
EndProject
Global
	GlobalSection(SolutionConfigurationPlatforms) = preSolution
		Debug|Any CPU = Debug|Any CPU
		Release|Any CPU = Release|Any CPU
	EndGlobalSection
	GlobalSection(ProjectConfigurationPlatforms) = postSolution
		{4688583B-05D7-4FA8-B2BB-63D2C0A230A9}.Debug|Any CPU.ActiveCfg = Debug|Any CPU
		{4688583B-05D7-4FA8-B2BB-63D2C0A230A9}.Debug|Any CPU.Build.0 = Debug|Any CPU
		{4688583B-05D7-4FA8-B2BB-63D2C0A230A9}.Release|Any CPU.ActiveCfg = Release|Any CPU
		{4688583B-05D7-4FA8-B2BB-63D2C0A230A9}.Release|Any CPU.Build.0 = Release|Any CPU
		{B323998D-E1B9-4C7E-801F-99FC50DCB006}.Debug|Any CPU.ActiveCfg = Debug|Any CPU
		{B323998D-E1B9-4C7E-801F-99FC50DCB006}.Debug|Any CPU.Build.0 = Debug|Any CPU
		{B323998D-E1B9-4C7E-801F-99FC50DCB006}.Release|Any CPU.ActiveCfg = Release|Any CPU
		{B323998D-E1B9-4C7E-801F-99FC50DCB006}.Release|Any CPU.Build.0 = Release|Any CPU
		{68BDEACF-8BDB-4942-88B1-976D68C70FB9}.Debug|Any CPU.ActiveCfg = Debug|Any CPU
		{68BDEACF-8BDB-4942-88B1-976D68C70FB9}.Debug|Any CPU.Build.0 = Debug|Any CPU
		{68BDEACF-8BDB-4942-88B1-976D68C70FB9}.Release|Any CPU.ActiveCfg = Release|Any CPU
		{68BDEACF-8BDB-4942-88B1-976D68C70FB9}.Release|Any CPU.Build.0 = Release|Any CPU
	EndGlobalSection
	GlobalSection(SolutionProperties) = preSolution
		HideSolutionNode = FALSE
	EndGlobalSection
	GlobalSection(ExtensibilityGlobals) = postSolution
		SolutionGuid = {5DCEF3E0-8D65-48A4-83CD-674330F1BB91}
	EndGlobalSection
EndGlobal
